
Microsoft Visual Studio Solution File, Format Version 12.00
# Visual Studio Version 17
VisualStudioVersion = 17.5.2.0
MinimumVisualStudioVersion = 10.0.40219.1
Project("{FAE04EC0-301F-11D3-BF4B-00C04F79EFBC}") = "FileIngestor", "FileIngestor\FileIngestor.csproj", "{8CC7CF6C-4DE0-9229-FFA3-FD2F2FA55B13}"
EndProject
Project("{FAE04EC0-301F-11D3-BF4B-00C04F79EFBC}") = "FileProcessor", "FileProcessor\FileProcessor.csproj", "{10AC44FB-29BF-4ADC-9702-23B4346F820A}"
EndProject
Project("{FAE04EC0-301F-11D3-BF4B-00C04F79EFBC}") = "CommonCode", "CommonCode\CommonCode.csproj", "{C5B795A3-8151-4093-B6C2-CF3BF36F0B6F}"
EndProject
Global
	GlobalSection(SolutionConfigurationPlatforms) = preSolution
		Debug|Any CPU = Debug|Any CPU
		Debug|x64 = Debug|x64
		Debug|x86 = Debug|x86
		Release|Any CPU = Release|Any CPU
		Release|x64 = Release|x64
		Release|x86 = Release|x86
	EndGlobalSection
	GlobalSection(ProjectConfigurationPlatforms) = postSolution
		{8CC7CF6C-4DE0-9229-FFA3-FD2F2FA55B13}.Debug|Any CPU.ActiveCfg = Debug|Any CPU
		{8CC7CF6C-4DE0-9229-FFA3-FD2F2FA55B13}.Debug|Any CPU.Build.0 = Debug|Any CPU
		{8CC7CF6C-4DE0-9229-FFA3-FD2F2FA55B13}.Debug|x64.ActiveCfg = Debug|Any CPU
		{8CC7CF6C-4DE0-9229-FFA3-FD2F2FA55B13}.Debug|x64.Build.0 = Debug|Any CPU
		{8CC7CF6C-4DE0-9229-FFA3-FD2F2FA55B13}.Debug|x86.ActiveCfg = Debug|Any CPU
		{8CC7CF6C-4DE0-9229-FFA3-FD2F2FA55B13}.Debug|x86.Build.0 = Debug|Any CPU
		{8CC7CF6C-4DE0-9229-FFA3-FD2F2FA55B13}.Release|Any CPU.ActiveCfg = Release|Any CPU
		{8CC7CF6C-4DE0-9229-FFA3-FD2F2FA55B13}.Release|Any CPU.Build.0 = Release|Any CPU
		{8CC7CF6C-4DE0-9229-FFA3-FD2F2FA55B13}.Release|x64.ActiveCfg = Release|Any CPU
		{8CC7CF6C-4DE0-9229-FFA3-FD2F2FA55B13}.Release|x64.Build.0 = Release|Any CPU
		{8CC7CF6C-4DE0-9229-FFA3-FD2F2FA55B13}.Release|x86.ActiveCfg = Release|Any CPU
		{8CC7CF6C-4DE0-9229-FFA3-FD2F2FA55B13}.Release|x86.Build.0 = Release|Any CPU
		{10AC44FB-29BF-4ADC-9702-23B4346F820A}.Debug|Any CPU.ActiveCfg = Debug|Any CPU
		{10AC44FB-29BF-4ADC-9702-23B4346F820A}.Debug|Any CPU.Build.0 = Debug|Any CPU
		{10AC44FB-29BF-4ADC-9702-23B4346F820A}.Debug|x64.ActiveCfg = Debug|Any CPU
		{10AC44FB-29BF-4ADC-9702-23B4346F820A}.Debug|x64.Build.0 = Debug|Any CPU
		{10AC44FB-29BF-4ADC-9702-23B4346F820A}.Debug|x86.ActiveCfg = Debug|Any CPU
		{10AC44FB-29BF-4ADC-9702-23B4346F820A}.Debug|x86.Build.0 = Debug|Any CPU
		{10AC44FB-29BF-4ADC-9702-23B4346F820A}.Release|Any CPU.ActiveCfg = Release|Any CPU
		{10AC44FB-29BF-4ADC-9702-23B4346F820A}.Release|Any CPU.Build.0 = Release|Any CPU
		{10AC44FB-29BF-4ADC-9702-23B4346F820A}.Release|x64.ActiveCfg = Release|Any CPU
		{10AC44FB-29BF-4ADC-9702-23B4346F820A}.Release|x64.Build.0 = Release|Any CPU
		{10AC44FB-29BF-4ADC-9702-23B4346F820A}.Release|x86.ActiveCfg = Release|Any CPU
		{10AC44FB-29BF-4ADC-9702-23B4346F820A}.Release|x86.Build.0 = Release|Any CPU
		{C5B795A3-8151-4093-B6C2-CF3BF36F0B6F}.Debug|Any CPU.ActiveCfg = Debug|Any CPU
		{C5B795A3-8151-4093-B6C2-CF3BF36F0B6F}.Debug|Any CPU.Build.0 = Debug|Any CPU
		{C5B795A3-8151-4093-B6C2-CF3BF36F0B6F}.Debug|x64.ActiveCfg = Debug|Any CPU
		{C5B795A3-8151-4093-B6C2-CF3BF36F0B6F}.Debug|x64.Build.0 = Debug|Any CPU
		{C5B795A3-8151-4093-B6C2-CF3BF36F0B6F}.Debug|x86.ActiveCfg = Debug|Any CPU
		{C5B795A3-8151-4093-B6C2-CF3BF36F0B6F}.Debug|x86.Build.0 = Debug|Any CPU
		{C5B795A3-8151-4093-B6C2-CF3BF36F0B6F}.Release|Any CPU.ActiveCfg = Release|Any CPU
		{C5B795A3-8151-4093-B6C2-CF3BF36F0B6F}.Release|Any CPU.Build.0 = Release|Any CPU
		{C5B795A3-8151-4093-B6C2-CF3BF36F0B6F}.Release|x64.ActiveCfg = Release|Any CPU
		{C5B795A3-8151-4093-B6C2-CF3BF36F0B6F}.Release|x64.Build.0 = Release|Any CPU
		{C5B795A3-8151-4093-B6C2-CF3BF36F0B6F}.Release|x86.ActiveCfg = Release|Any CPU
		{C5B795A3-8151-4093-B6C2-CF3BF36F0B6F}.Release|x86.Build.0 = Release|Any CPU
	EndGlobalSection
	GlobalSection(SolutionProperties) = preSolution
		HideSolutionNode = FALSE
	EndGlobalSection
	GlobalSection(ExtensibilityGlobals) = postSolution
		SolutionGuid = {D6278459-2080-44F3-AEF5-7062EF0B339D}
	EndGlobalSection
EndGlobal
